{
    "compile": {
        "com.netflix.nebula:gradle-contacts-plugin": {
            "locked": "3.0.1",
            "requested": "latest.release"
        },
        "com.netflix.nebula:gradle-dependency-lock-plugin": {
            "locked": "5.0.6",
            "requested": "latest.release"
        },
        "com.netflix.nebula:gradle-info-plugin": {
            "locked": "3.7.1",
            "requested": "latest.release"
        },
        "com.netflix.nebula:gradle-java-cross-compile-plugin": {
            "locked": "1.0.0",
            "requested": "latest.release"
        },
        "com.netflix.nebula:nebula-bintray-plugin": {
            "locked": "3.5.5",
            "requested": "latest.release"
        },
        "com.netflix.nebula:nebula-core": {
            "locked": "4.0.1",
            "requested": "latest.release"
        },
        "com.netflix.nebula:nebula-project-plugin": {
            "locked": "4.0.1",
            "requested": "latest.release"
        },
        "com.netflix.nebula:nebula-publishing-plugin": {
            "locked": "7.2.3",
            "requested": "latest.release"
        },
        "com.netflix.nebula:nebula-release-plugin": {
            "locked": "6.3.5",
            "requested": "latest.release"
        },
        "gradle.plugin.nl.javadude.gradle.plugins:license-gradle-plugin": {
            "locked": "0.13.1",
            "requested": "0.13.1"
        }
    },
    "compileClasspath": {
        "com.netflix.nebula:gradle-contacts-plugin": {
            "locked": "3.0.1",
            "requested": "latest.release"
        },
        "com.netflix.nebula:gradle-dependency-lock-plugin": {
            "locked": "5.0.6",
            "requested": "latest.release"
        },
        "com.netflix.nebula:gradle-info-plugin": {
            "locked": "3.7.1",
            "requested": "latest.release"
        },
        "com.netflix.nebula:gradle-java-cross-compile-plugin": {
            "locked": "1.0.0",
            "requested": "latest.release"
        },
        "com.netflix.nebula:nebula-bintray-plugin": {
            "locked": "3.5.5",
            "requested": "latest.release"
        },
        "com.netflix.nebula:nebula-core": {
            "locked": "4.0.1",
            "requested": "latest.release"
        },
        "com.netflix.nebula:nebula-project-plugin": {
            "locked": "4.0.1",
            "requested": "latest.release"
        },
        "com.netflix.nebula:nebula-publishing-plugin": {
            "locked": "7.2.3",
            "requested": "latest.release"
        },
        "com.netflix.nebula:nebula-release-plugin": {
            "locked": "6.3.5",
            "requested": "latest.release"
        },
        "gradle.plugin.nl.javadude.gradle.plugins:license-gradle-plugin": {
            "locked": "0.13.1",
            "requested": "0.13.1"
        }
    },
    "default": {
        "com.netflix.nebula:gradle-contacts-plugin": {
            "locked": "3.0.1",
            "requested": "latest.release"
        },
        "com.netflix.nebula:gradle-dependency-lock-plugin": {
            "locked": "5.0.6",
            "requested": "latest.release"
        },
        "com.netflix.nebula:gradle-info-plugin": {
            "locked": "3.7.1",
            "requested": "latest.release"
        },
        "com.netflix.nebula:gradle-java-cross-compile-plugin": {
            "locked": "1.0.0",
            "requested": "latest.release"
        },
        "com.netflix.nebula:nebula-bintray-plugin": {
            "locked": "3.5.5",
            "requested": "latest.release"
        },
        "com.netflix.nebula:nebula-core": {
            "locked": "4.0.1",
            "requested": "latest.release"
        },
        "com.netflix.nebula:nebula-project-plugin": {
            "locked": "4.0.1",
            "requested": "latest.release"
        },
        "com.netflix.nebula:nebula-publishing-plugin": {
            "locked": "7.2.3",
            "requested": "latest.release"
        },
        "com.netflix.nebula:nebula-release-plugin": {
            "locked": "6.3.5",
            "requested": "latest.release"
        },
        "gradle.plugin.nl.javadude.gradle.plugins:license-gradle-plugin": {
            "locked": "0.13.1",
            "requested": "0.13.1"
        }
    },
    "integTestCompile": {
        "com.netflix.nebula:gradle-contacts-plugin": {
            "locked": "3.0.1",
            "requested": "latest.release"
        },
        "com.netflix.nebula:gradle-dependency-lock-plugin": {
            "locked": "5.0.6",
            "requested": "latest.release"
        },
        "com.netflix.nebula:gradle-info-plugin": {
            "locked": "3.7.1",
            "requested": "latest.release"
        },
        "com.netflix.nebula:gradle-java-cross-compile-plugin": {
            "locked": "1.0.0",
            "requested": "latest.release"
        },
        "com.netflix.nebula:nebula-bintray-plugin": {
            "locked": "3.5.5",
            "requested": "latest.release"
        },
        "com.netflix.nebula:nebula-core": {
            "locked": "4.0.1",
            "requested": "latest.release"
        },
        "com.netflix.nebula:nebula-project-plugin": {
            "locked": "4.0.1",
            "requested": "latest.release"
        },
        "com.netflix.nebula:nebula-publishing-plugin": {
            "locked": "7.2.3",
            "requested": "latest.release"
        },
        "com.netflix.nebula:nebula-release-plugin": {
            "locked": "6.3.5",
            "requested": "latest.release"
        },
        "com.netflix.nebula:nebula-test": {
            "locked": "6.7.0",
            "requested": "6.+"
        },
        "gradle.plugin.nl.javadude.gradle.plugins:license-gradle-plugin": {
            "locked": "0.13.1",
            "requested": "0.13.1"
        },
        "org.ajoberstar:gradle-git": {
            "locked": "1.7.2",
            "requested": "1.5.+"
        }
    },
    "integTestCompileClasspath": {
        "com.netflix.nebula:gradle-contacts-plugin": {
            "locked": "3.0.1",
            "requested": "latest.release"
        },
        "com.netflix.nebula:gradle-dependency-lock-plugin": {
            "locked": "5.0.6",
            "requested": "latest.release"
        },
        "com.netflix.nebula:gradle-info-plugin": {
            "locked": "3.7.1",
            "requested": "latest.release"
        },
        "com.netflix.nebula:gradle-java-cross-compile-plugin": {
            "locked": "1.0.0",
            "requested": "latest.release"
        },
        "com.netflix.nebula:nebula-bintray-plugin": {
            "locked": "3.5.5",
            "requested": "latest.release"
        },
        "com.netflix.nebula:nebula-core": {
            "locked": "4.0.1",
            "requested": "latest.release"
        },
        "com.netflix.nebula:nebula-project-plugin": {
            "locked": "4.0.1",
            "requested": "latest.release"
        },
        "com.netflix.nebula:nebula-publishing-plugin": {
            "locked": "7.2.3",
            "requested": "latest.release"
        },
        "com.netflix.nebula:nebula-release-plugin": {
            "locked": "6.3.5",
            "requested": "latest.release"
        },
        "com.netflix.nebula:nebula-test": {
            "locked": "6.7.0",
            "requested": "6.+"
        },
        "gradle.plugin.nl.javadude.gradle.plugins:license-gradle-plugin": {
            "locked": "0.13.1",
            "requested": "0.13.1"
        },
        "org.ajoberstar:gradle-git": {
            "locked": "1.7.2",
            "requested": "1.5.+"
        }
    },
    "integTestRuntime": {
        "com.netflix.nebula:gradle-contacts-plugin": {
            "locked": "3.0.1",
            "requested": "latest.release"
        },
        "com.netflix.nebula:gradle-dependency-lock-plugin": {
            "locked": "5.0.6",
            "requested": "latest.release"
        },
        "com.netflix.nebula:gradle-info-plugin": {
            "locked": "3.7.1",
            "requested": "latest.release"
        },
        "com.netflix.nebula:gradle-java-cross-compile-plugin": {
            "locked": "1.0.0",
            "requested": "latest.release"
        },
        "com.netflix.nebula:nebula-bintray-plugin": {
            "locked": "3.5.5",
            "requested": "latest.release"
        },
        "com.netflix.nebula:nebula-core": {
            "locked": "4.0.1",
            "requested": "latest.release"
        },
        "com.netflix.nebula:nebula-project-plugin": {
            "locked": "4.0.1",
            "requested": "latest.release"
        },
        "com.netflix.nebula:nebula-publishing-plugin": {
            "locked": "7.2.3",
            "requested": "latest.release"
        },
        "com.netflix.nebula:nebula-release-plugin": {
            "locked": "6.3.5",
            "requested": "latest.release"
        },
        "com.netflix.nebula:nebula-test": {
            "locked": "6.7.0",
            "requested": "6.+"
        },
        "gradle.plugin.nl.javadude.gradle.plugins:license-gradle-plugin": {
            "locked": "0.13.1",
            "requested": "0.13.1"
        },
        "org.ajoberstar:gradle-git": {
            "locked": "1.7.2",
            "requested": "1.5.+"
        }
    },
    "integTestRuntimeClasspath": {
        "com.netflix.nebula:gradle-contacts-plugin": {
            "locked": "3.0.1",
            "requested": "latest.release"
        },
        "com.netflix.nebula:gradle-dependency-lock-plugin": {
            "locked": "5.0.6",
            "requested": "latest.release"
        },
        "com.netflix.nebula:gradle-info-plugin": {
            "locked": "3.7.1",
            "requested": "latest.release"
        },
        "com.netflix.nebula:gradle-java-cross-compile-plugin": {
            "locked": "1.0.0",
            "requested": "latest.release"
        },
        "com.netflix.nebula:nebula-bintray-plugin": {
            "locked": "3.5.5",
            "requested": "latest.release"
        },
        "com.netflix.nebula:nebula-core": {
            "locked": "4.0.1",
            "requested": "latest.release"
        },
        "com.netflix.nebula:nebula-project-plugin": {
            "locked": "4.0.1",
            "requested": "latest.release"
        },
        "com.netflix.nebula:nebula-publishing-plugin": {
            "locked": "7.2.3",
            "requested": "latest.release"
        },
        "com.netflix.nebula:nebula-release-plugin": {
            "locked": "6.3.5",
            "requested": "latest.release"
        },
        "com.netflix.nebula:nebula-test": {
            "locked": "6.7.0",
            "requested": "6.+"
        },
        "gradle.plugin.nl.javadude.gradle.plugins:license-gradle-plugin": {
            "locked": "0.13.1",
            "requested": "0.13.1"
        },
        "org.ajoberstar:gradle-git": {
            "locked": "1.7.2",
            "requested": "1.5.+"
        }
    },
    "jacocoAgent": {
        "org.jacoco:org.jacoco.agent": {
            "locked": "0.8.1"
        }
    },
    "jacocoAnt": {
        "org.jacoco:org.jacoco.ant": {
            "locked": "0.8.1"
        }
    },
    "runtime": {
        "com.netflix.nebula:gradle-contacts-plugin": {
            "locked": "3.0.1",
            "requested": "latest.release"
        },
        "com.netflix.nebula:gradle-dependency-lock-plugin": {
            "locked": "5.0.6",
            "requested": "latest.release"
        },
        "com.netflix.nebula:gradle-info-plugin": {
            "locked": "3.7.1",
            "requested": "latest.release"
        },
        "com.netflix.nebula:gradle-java-cross-compile-plugin": {
            "locked": "1.0.0",
            "requested": "latest.release"
        },
        "com.netflix.nebula:nebula-bintray-plugin": {
            "locked": "3.5.5",
            "requested": "latest.release"
        },
        "com.netflix.nebula:nebula-core": {
            "locked": "4.0.1",
            "requested": "latest.release"
        },
        "com.netflix.nebula:nebula-project-plugin": {
            "locked": "4.0.1",
            "requested": "latest.release"
        },
        "com.netflix.nebula:nebula-publishing-plugin": {
            "locked": "7.2.3",
            "requested": "latest.release"
        },
        "com.netflix.nebula:nebula-release-plugin": {
            "locked": "6.3.5",
            "requested": "latest.release"
        },
        "gradle.plugin.nl.javadude.gradle.plugins:license-gradle-plugin": {
            "locked": "0.13.1",
            "requested": "0.13.1"
        }
    },
    "runtimeClasspath": {
        "com.netflix.nebula:gradle-contacts-plugin": {
            "locked": "3.0.1",
            "requested": "latest.release"
        },
        "com.netflix.nebula:gradle-dependency-lock-plugin": {
            "locked": "5.0.6",
            "requested": "latest.release"
        },
        "com.netflix.nebula:gradle-info-plugin": {
            "locked": "3.7.1",
            "requested": "latest.release"
        },
        "com.netflix.nebula:gradle-java-cross-compile-plugin": {
            "locked": "1.0.0",
            "requested": "latest.release"
        },
        "com.netflix.nebula:nebula-bintray-plugin": {
            "locked": "3.5.5",
            "requested": "latest.release"
        },
        "com.netflix.nebula:nebula-core": {
            "locked": "4.0.1",
            "requested": "latest.release"
        },
        "com.netflix.nebula:nebula-project-plugin": {
            "locked": "4.0.1",
            "requested": "latest.release"
        },
        "com.netflix.nebula:nebula-publishing-plugin": {
            "locked": "7.2.3",
            "requested": "latest.release"
        },
        "com.netflix.nebula:nebula-release-plugin": {
            "locked": "6.3.5",
            "requested": "latest.release"
        },
        "gradle.plugin.nl.javadude.gradle.plugins:license-gradle-plugin": {
            "locked": "0.13.1",
            "requested": "0.13.1"
        }
    },
    "testCompile": {
        "com.netflix.nebula:gradle-contacts-plugin": {
            "locked": "3.0.1",
            "requested": "latest.release"
        },
        "com.netflix.nebula:gradle-dependency-lock-plugin": {
            "locked": "5.0.6",
            "requested": "latest.release"
        },
        "com.netflix.nebula:gradle-info-plugin": {
            "locked": "3.7.1",
            "requested": "latest.release"
        },
        "com.netflix.nebula:gradle-java-cross-compile-plugin": {
            "locked": "1.0.0",
            "requested": "latest.release"
        },
        "com.netflix.nebula:nebula-bintray-plugin": {
            "locked": "3.5.5",
            "requested": "latest.release"
        },
        "com.netflix.nebula:nebula-core": {
            "locked": "4.0.1",
            "requested": "latest.release"
        },
        "com.netflix.nebula:nebula-project-plugin": {
            "locked": "4.0.1",
            "requested": "latest.release"
        },
        "com.netflix.nebula:nebula-publishing-plugin": {
            "locked": "7.2.3",
            "requested": "latest.release"
        },
        "com.netflix.nebula:nebula-release-plugin": {
            "locked": "6.3.5",
            "requested": "latest.release"
        },
        "com.netflix.nebula:nebula-test": {
            "locked": "6.7.0",
            "requested": "6.+"
        },
        "gradle.plugin.nl.javadude.gradle.plugins:license-gradle-plugin": {
            "locked": "0.13.1",
            "requested": "0.13.1"
        },
        "org.ajoberstar:gradle-git": {
            "locked": "1.7.2",
            "requested": "1.5.+"
        }
    },
    "testCompileClasspath": {
        "com.netflix.nebula:gradle-contacts-plugin": {
            "locked": "3.0.1",
            "requested": "latest.release"
        },
        "com.netflix.nebula:gradle-dependency-lock-plugin": {
            "locked": "5.0.6",
            "requested": "latest.release"
        },
        "com.netflix.nebula:gradle-info-plugin": {
            "locked": "3.7.1",
            "requested": "latest.release"
        },
        "com.netflix.nebula:gradle-java-cross-compile-plugin": {
            "locked": "1.0.0",
            "requested": "latest.release"
        },
        "com.netflix.nebula:nebula-bintray-plugin": {
            "locked": "3.5.5",
            "requested": "latest.release"
        },
        "com.netflix.nebula:nebula-core": {
            "locked": "4.0.1",
            "requested": "latest.release"
        },
        "com.netflix.nebula:nebula-project-plugin": {
            "locked": "4.0.1",
            "requested": "latest.release"
        },
        "com.netflix.nebula:nebula-publishing-plugin": {
            "locked": "7.2.3",
            "requested": "latest.release"
        },
        "com.netflix.nebula:nebula-release-plugin": {
            "locked": "6.3.5",
            "requested": "latest.release"
        },
        "com.netflix.nebula:nebula-test": {
            "locked": "6.7.0",
            "requested": "6.+"
        },
        "gradle.plugin.nl.javadude.gradle.plugins:license-gradle-plugin": {
            "locked": "0.13.1",
            "requested": "0.13.1"
        },
        "org.ajoberstar:gradle-git": {
            "locked": "1.7.2",
            "requested": "1.5.+"
        }
    },
    "testRuntime": {
        "com.netflix.nebula:gradle-contacts-plugin": {
            "locked": "3.0.1",
            "requested": "latest.release"
        },
        "com.netflix.nebula:gradle-dependency-lock-plugin": {
            "locked": "5.0.6",
            "requested": "latest.release"
        },
        "com.netflix.nebula:gradle-info-plugin": {
            "locked": "3.7.1",
            "requested": "latest.release"
        },
        "com.netflix.nebula:gradle-java-cross-compile-plugin": {
            "locked": "1.0.0",
            "requested": "latest.release"
        },
        "com.netflix.nebula:nebula-bintray-plugin": {
            "locked": "3.5.5",
            "requested": "latest.release"
        },
        "com.netflix.nebula:nebula-core": {
            "locked": "4.0.1",
            "requested": "latest.release"
        },
        "com.netflix.nebula:nebula-project-plugin": {
            "locked": "4.0.1",
            "requested": "latest.release"
        },
        "com.netflix.nebula:nebula-publishing-plugin": {
            "locked": "7.2.3",
            "requested": "latest.release"
        },
        "com.netflix.nebula:nebula-release-plugin": {
            "locked": "6.3.5",
            "requested": "latest.release"
        },
        "com.netflix.nebula:nebula-test": {
            "locked": "6.7.0",
            "requested": "6.+"
        },
        "gradle.plugin.nl.javadude.gradle.plugins:license-gradle-plugin": {
            "locked": "0.13.1",
            "requested": "0.13.1"
        },
        "org.ajoberstar:gradle-git": {
            "locked": "1.7.2",
            "requested": "1.5.+"
        }
    },
    "testRuntimeClasspath": {
        "com.netflix.nebula:gradle-contacts-plugin": {
            "locked": "3.0.1",
            "requested": "latest.release"
        },
        "com.netflix.nebula:gradle-dependency-lock-plugin": {
            "locked": "5.0.6",
            "requested": "latest.release"
        },
        "com.netflix.nebula:gradle-info-plugin": {
            "locked": "3.7.1",
            "requested": "latest.release"
        },
        "com.netflix.nebula:gradle-java-cross-compile-plugin": {
            "locked": "1.0.0",
            "requested": "latest.release"
        },
        "com.netflix.nebula:nebula-bintray-plugin": {
            "locked": "3.5.5",
            "requested": "latest.release"
        },
        "com.netflix.nebula:nebula-core": {
            "locked": "4.0.1",
            "requested": "latest.release"
        },
        "com.netflix.nebula:nebula-project-plugin": {
            "locked": "4.0.1",
            "requested": "latest.release"
        },
        "com.netflix.nebula:nebula-publishing-plugin": {
            "locked": "7.2.3",
            "requested": "latest.release"
        },
        "com.netflix.nebula:nebula-release-plugin": {
            "locked": "6.3.5",
            "requested": "latest.release"
        },
        "com.netflix.nebula:nebula-test": {
            "locked": "6.7.0",
            "requested": "6.+"
        },
        "gradle.plugin.nl.javadude.gradle.plugins:license-gradle-plugin": {
            "locked": "0.13.1",
            "requested": "0.13.1"
        },
        "org.ajoberstar:gradle-git": {
            "locked": "1.7.2",
            "requested": "1.5.+"
        }
    }
}