{
    "compile": {
        "com.netflix.nebula:gradle-contacts-plugin": {
            "locked": "4.0.2",
            "requested": "latest.release"
        },
        "com.netflix.nebula:gradle-dependency-lock-plugin": {
            "locked": "7.0.0",
            "requested": "latest.release"
        },
        "com.netflix.nebula:gradle-info-plugin": {
            "locked": "4.0.2",
            "requested": "latest.release"
        },
        "com.netflix.nebula:gradle-java-cross-compile-plugin": {
            "locked": "2.0.2",
            "requested": "latest.release"
        },
        "com.netflix.nebula:nebula-bintray-plugin": {
            "locked": "4.0.2",
            "requested": "latest.release"
        },
        "com.netflix.nebula:nebula-core": {
            "locked": "4.0.1",
            "requested": "latest.release"
        },
        "com.netflix.nebula:nebula-project-plugin": {
            "locked": "5.1.2",
            "requested": "latest.release"
        },
        "com.netflix.nebula:nebula-publishing-plugin": {
            "locked": "9.0.2",
            "requested": "latest.release"
        },
        "com.netflix.nebula:nebula-release-plugin": {
            "locked": "8.0.1",
            "requested": "latest.release"
        },
        "gradle.plugin.nl.javadude.gradle.plugins:license-gradle-plugin": {
            "locked": "0.13.1",
            "requested": "0.13.1"
        }
    },
    "compileClasspath": {
        "com.netflix.nebula:gradle-contacts-plugin": {
            "locked": "4.0.2",
            "requested": "latest.release"
        },
        "com.netflix.nebula:gradle-dependency-lock-plugin": {
            "locked": "7.0.0",
            "requested": "latest.release"
        },
        "com.netflix.nebula:gradle-info-plugin": {
            "locked": "4.0.2",
            "requested": "latest.release"
        },
        "com.netflix.nebula:gradle-java-cross-compile-plugin": {
            "locked": "2.0.2",
            "requested": "latest.release"
        },
        "com.netflix.nebula:nebula-bintray-plugin": {
            "locked": "4.0.2",
            "requested": "latest.release"
        },
        "com.netflix.nebula:nebula-core": {
            "locked": "4.0.1",
            "requested": "latest.release"
        },
        "com.netflix.nebula:nebula-project-plugin": {
            "locked": "5.1.2",
            "requested": "latest.release"
        },
        "com.netflix.nebula:nebula-publishing-plugin": {
            "locked": "9.0.2",
            "requested": "latest.release"
        },
        "com.netflix.nebula:nebula-release-plugin": {
            "locked": "8.0.1",
            "requested": "latest.release"
        },
        "gradle.plugin.nl.javadude.gradle.plugins:license-gradle-plugin": {
            "locked": "0.13.1",
            "requested": "0.13.1"
        }
    },
    "default": {
        "com.netflix.nebula:gradle-contacts-plugin": {
            "locked": "4.0.2",
            "requested": "latest.release"
        },
        "com.netflix.nebula:gradle-dependency-lock-plugin": {
            "locked": "7.0.0",
            "requested": "latest.release"
        },
        "com.netflix.nebula:gradle-info-plugin": {
            "locked": "4.0.2",
            "requested": "latest.release"
        },
        "com.netflix.nebula:gradle-java-cross-compile-plugin": {
            "locked": "2.0.2",
            "requested": "latest.release"
        },
        "com.netflix.nebula:nebula-bintray-plugin": {
            "locked": "4.0.2",
            "requested": "latest.release"
        },
        "com.netflix.nebula:nebula-core": {
            "locked": "4.0.1",
            "requested": "latest.release"
        },
        "com.netflix.nebula:nebula-project-plugin": {
            "locked": "5.1.2",
            "requested": "latest.release"
        },
        "com.netflix.nebula:nebula-publishing-plugin": {
            "locked": "9.0.2",
            "requested": "latest.release"
        },
        "com.netflix.nebula:nebula-release-plugin": {
            "locked": "8.0.1",
            "requested": "latest.release"
        },
        "gradle.plugin.nl.javadude.gradle.plugins:license-gradle-plugin": {
            "locked": "0.13.1",
            "requested": "0.13.1"
        }
    },
    "integTestCompile": {
        "com.netflix.nebula:gradle-contacts-plugin": {
            "locked": "4.0.2",
            "requested": "latest.release"
        },
        "com.netflix.nebula:gradle-dependency-lock-plugin": {
            "locked": "7.0.0",
            "requested": "latest.release"
        },
        "com.netflix.nebula:gradle-info-plugin": {
            "locked": "4.0.2",
            "requested": "latest.release"
        },
        "com.netflix.nebula:gradle-java-cross-compile-plugin": {
            "locked": "2.0.2",
            "requested": "latest.release"
        },
        "com.netflix.nebula:nebula-bintray-plugin": {
            "locked": "4.0.2",
            "requested": "latest.release"
        },
        "com.netflix.nebula:nebula-core": {
            "locked": "4.0.1",
            "requested": "latest.release"
        },
        "com.netflix.nebula:nebula-project-plugin": {
            "locked": "5.1.2",
            "requested": "latest.release"
        },
        "com.netflix.nebula:nebula-publishing-plugin": {
            "locked": "9.0.2",
            "requested": "latest.release"
        },
        "com.netflix.nebula:nebula-release-plugin": {
            "locked": "8.0.1",
            "requested": "latest.release"
        },
        "com.netflix.nebula:nebula-test": {
            "locked": "7.1.0",
            "requested": "7.+"
        },
        "gradle.plugin.nl.javadude.gradle.plugins:license-gradle-plugin": {
            "locked": "0.13.1",
            "requested": "0.13.1"
        },
        "org.ajoberstar.grgit:grgit-core": {
            "locked": "3.0.0-beta.1",
            "requested": "3.0.0-beta.1"
        }
    },
    "integTestCompileClasspath": {
        "com.netflix.nebula:gradle-contacts-plugin": {
            "locked": "4.0.2",
            "requested": "latest.release"
        },
        "com.netflix.nebula:gradle-dependency-lock-plugin": {
            "locked": "7.0.0",
            "requested": "latest.release"
        },
        "com.netflix.nebula:gradle-info-plugin": {
            "locked": "4.0.2",
            "requested": "latest.release"
        },
        "com.netflix.nebula:gradle-java-cross-compile-plugin": {
            "locked": "2.0.2",
            "requested": "latest.release"
        },
        "com.netflix.nebula:nebula-bintray-plugin": {
            "locked": "4.0.2",
            "requested": "latest.release"
        },
        "com.netflix.nebula:nebula-core": {
            "locked": "4.0.1",
            "requested": "latest.release"
        },
        "com.netflix.nebula:nebula-project-plugin": {
            "locked": "5.1.2",
            "requested": "latest.release"
        },
        "com.netflix.nebula:nebula-publishing-plugin": {
            "locked": "9.0.2",
            "requested": "latest.release"
        },
        "com.netflix.nebula:nebula-release-plugin": {
            "locked": "8.0.1",
            "requested": "latest.release"
        },
        "com.netflix.nebula:nebula-test": {
            "locked": "7.1.0",
            "requested": "7.+"
        },
        "gradle.plugin.nl.javadude.gradle.plugins:license-gradle-plugin": {
            "locked": "0.13.1",
            "requested": "0.13.1"
        },
        "org.ajoberstar.grgit:grgit-core": {
            "locked": "3.0.0-beta.1",
            "requested": "3.0.0-beta.1"
        }
    },
    "integTestRuntime": {
        "com.netflix.nebula:gradle-contacts-plugin": {
            "locked": "4.0.2",
            "requested": "latest.release"
        },
        "com.netflix.nebula:gradle-dependency-lock-plugin": {
            "locked": "7.0.0",
            "requested": "latest.release"
        },
        "com.netflix.nebula:gradle-info-plugin": {
            "locked": "4.0.2",
            "requested": "latest.release"
        },
        "com.netflix.nebula:gradle-java-cross-compile-plugin": {
            "locked": "2.0.2",
            "requested": "latest.release"
        },
        "com.netflix.nebula:nebula-bintray-plugin": {
            "locked": "4.0.2",
            "requested": "latest.release"
        },
        "com.netflix.nebula:nebula-core": {
            "locked": "4.0.1",
            "requested": "latest.release"
        },
        "com.netflix.nebula:nebula-project-plugin": {
            "locked": "5.1.2",
            "requested": "latest.release"
        },
        "com.netflix.nebula:nebula-publishing-plugin": {
            "locked": "9.0.2",
            "requested": "latest.release"
        },
        "com.netflix.nebula:nebula-release-plugin": {
            "locked": "8.0.1",
            "requested": "latest.release"
        },
        "com.netflix.nebula:nebula-test": {
            "locked": "7.1.0",
            "requested": "7.+"
        },
        "gradle.plugin.nl.javadude.gradle.plugins:license-gradle-plugin": {
            "locked": "0.13.1",
            "requested": "0.13.1"
        },
        "org.ajoberstar.grgit:grgit-core": {
            "locked": "3.0.0-beta.1",
            "requested": "3.0.0-beta.1"
        }
    },
    "integTestRuntimeClasspath": {
        "com.netflix.nebula:gradle-contacts-plugin": {
            "locked": "4.0.2",
            "requested": "latest.release"
        },
        "com.netflix.nebula:gradle-dependency-lock-plugin": {
            "locked": "7.0.0",
            "requested": "latest.release"
        },
        "com.netflix.nebula:gradle-info-plugin": {
            "locked": "4.0.2",
            "requested": "latest.release"
        },
        "com.netflix.nebula:gradle-java-cross-compile-plugin": {
            "locked": "2.0.2",
            "requested": "latest.release"
        },
        "com.netflix.nebula:nebula-bintray-plugin": {
            "locked": "4.0.2",
            "requested": "latest.release"
        },
        "com.netflix.nebula:nebula-core": {
            "locked": "4.0.1",
            "requested": "latest.release"
        },
        "com.netflix.nebula:nebula-project-plugin": {
            "locked": "5.1.2",
            "requested": "latest.release"
        },
        "com.netflix.nebula:nebula-publishing-plugin": {
            "locked": "9.0.2",
            "requested": "latest.release"
        },
        "com.netflix.nebula:nebula-release-plugin": {
            "locked": "8.0.1",
            "requested": "latest.release"
        },
        "com.netflix.nebula:nebula-test": {
            "locked": "7.1.0",
            "requested": "7.+"
        },
        "gradle.plugin.nl.javadude.gradle.plugins:license-gradle-plugin": {
            "locked": "0.13.1",
            "requested": "0.13.1"
        },
        "org.ajoberstar.grgit:grgit-core": {
            "locked": "3.0.0-beta.1",
            "requested": "3.0.0-beta.1"
        }
    },
    "jacocoAgent": {
        "org.jacoco:org.jacoco.agent": {
            "locked": "0.8.2"
        }
    },
    "jacocoAnt": {
        "org.jacoco:org.jacoco.ant": {
            "locked": "0.8.2"
        }
    },
    "runtime": {
        "com.netflix.nebula:gradle-contacts-plugin": {
            "locked": "4.0.2",
            "requested": "latest.release"
        },
        "com.netflix.nebula:gradle-dependency-lock-plugin": {
            "locked": "7.0.0",
            "requested": "latest.release"
        },
        "com.netflix.nebula:gradle-info-plugin": {
            "locked": "4.0.2",
            "requested": "latest.release"
        },
        "com.netflix.nebula:gradle-java-cross-compile-plugin": {
            "locked": "2.0.2",
            "requested": "latest.release"
        },
        "com.netflix.nebula:nebula-bintray-plugin": {
            "locked": "4.0.2",
            "requested": "latest.release"
        },
        "com.netflix.nebula:nebula-core": {
            "locked": "4.0.1",
            "requested": "latest.release"
        },
        "com.netflix.nebula:nebula-project-plugin": {
            "locked": "5.1.2",
            "requested": "latest.release"
        },
        "com.netflix.nebula:nebula-publishing-plugin": {
            "locked": "9.0.2",
            "requested": "latest.release"
        },
        "com.netflix.nebula:nebula-release-plugin": {
            "locked": "8.0.1",
            "requested": "latest.release"
        },
        "gradle.plugin.nl.javadude.gradle.plugins:license-gradle-plugin": {
            "locked": "0.13.1",
            "requested": "0.13.1"
        }
    },
    "runtimeClasspath": {
        "com.netflix.nebula:gradle-contacts-plugin": {
            "locked": "4.0.2",
            "requested": "latest.release"
        },
        "com.netflix.nebula:gradle-dependency-lock-plugin": {
            "locked": "7.0.0",
            "requested": "latest.release"
        },
        "com.netflix.nebula:gradle-info-plugin": {
            "locked": "4.0.2",
            "requested": "latest.release"
        },
        "com.netflix.nebula:gradle-java-cross-compile-plugin": {
            "locked": "2.0.2",
            "requested": "latest.release"
        },
        "com.netflix.nebula:nebula-bintray-plugin": {
            "locked": "4.0.2",
            "requested": "latest.release"
        },
        "com.netflix.nebula:nebula-core": {
            "locked": "4.0.1",
            "requested": "latest.release"
        },
        "com.netflix.nebula:nebula-project-plugin": {
            "locked": "5.1.2",
            "requested": "latest.release"
        },
        "com.netflix.nebula:nebula-publishing-plugin": {
            "locked": "9.0.2",
            "requested": "latest.release"
        },
        "com.netflix.nebula:nebula-release-plugin": {
            "locked": "8.0.1",
            "requested": "latest.release"
        },
        "gradle.plugin.nl.javadude.gradle.plugins:license-gradle-plugin": {
            "locked": "0.13.1",
            "requested": "0.13.1"
        }
    },
    "testCompile": {
        "com.netflix.nebula:gradle-contacts-plugin": {
            "locked": "4.0.2",
            "requested": "latest.release"
        },
        "com.netflix.nebula:gradle-dependency-lock-plugin": {
            "locked": "7.0.0",
            "requested": "latest.release"
        },
        "com.netflix.nebula:gradle-info-plugin": {
            "locked": "4.0.2",
            "requested": "latest.release"
        },
        "com.netflix.nebula:gradle-java-cross-compile-plugin": {
            "locked": "2.0.2",
            "requested": "latest.release"
        },
        "com.netflix.nebula:nebula-bintray-plugin": {
            "locked": "4.0.2",
            "requested": "latest.release"
        },
        "com.netflix.nebula:nebula-core": {
            "locked": "4.0.1",
            "requested": "latest.release"
        },
        "com.netflix.nebula:nebula-project-plugin": {
            "locked": "5.1.2",
            "requested": "latest.release"
        },
        "com.netflix.nebula:nebula-publishing-plugin": {
            "locked": "9.0.2",
            "requested": "latest.release"
        },
        "com.netflix.nebula:nebula-release-plugin": {
            "locked": "8.0.1",
            "requested": "latest.release"
        },
        "com.netflix.nebula:nebula-test": {
            "locked": "7.1.0",
            "requested": "7.+"
        },
        "gradle.plugin.nl.javadude.gradle.plugins:license-gradle-plugin": {
            "locked": "0.13.1",
            "requested": "0.13.1"
        },
        "org.ajoberstar.grgit:grgit-core": {
            "locked": "3.0.0-beta.1",
            "requested": "3.0.0-beta.1"
        }
    },
    "testCompileClasspath": {
        "com.netflix.nebula:gradle-contacts-plugin": {
            "locked": "4.0.2",
            "requested": "latest.release"
        },
        "com.netflix.nebula:gradle-dependency-lock-plugin": {
            "locked": "7.0.0",
            "requested": "latest.release"
        },
        "com.netflix.nebula:gradle-info-plugin": {
            "locked": "4.0.2",
            "requested": "latest.release"
        },
        "com.netflix.nebula:gradle-java-cross-compile-plugin": {
            "locked": "2.0.2",
            "requested": "latest.release"
        },
        "com.netflix.nebula:nebula-bintray-plugin": {
            "locked": "4.0.2",
            "requested": "latest.release"
        },
        "com.netflix.nebula:nebula-core": {
            "locked": "4.0.1",
            "requested": "latest.release"
        },
        "com.netflix.nebula:nebula-project-plugin": {
            "locked": "5.1.2",
            "requested": "latest.release"
        },
        "com.netflix.nebula:nebula-publishing-plugin": {
            "locked": "9.0.2",
            "requested": "latest.release"
        },
        "com.netflix.nebula:nebula-release-plugin": {
            "locked": "8.0.1",
            "requested": "latest.release"
        },
        "com.netflix.nebula:nebula-test": {
            "locked": "7.1.0",
            "requested": "7.+"
        },
        "gradle.plugin.nl.javadude.gradle.plugins:license-gradle-plugin": {
            "locked": "0.13.1",
            "requested": "0.13.1"
        },
        "org.ajoberstar.grgit:grgit-core": {
            "locked": "3.0.0-beta.1",
            "requested": "3.0.0-beta.1"
        }
    },
    "testRuntime": {
        "com.netflix.nebula:gradle-contacts-plugin": {
            "locked": "4.0.2",
            "requested": "latest.release"
        },
        "com.netflix.nebula:gradle-dependency-lock-plugin": {
            "locked": "7.0.0",
            "requested": "latest.release"
        },
        "com.netflix.nebula:gradle-info-plugin": {
            "locked": "4.0.2",
            "requested": "latest.release"
        },
        "com.netflix.nebula:gradle-java-cross-compile-plugin": {
            "locked": "2.0.2",
            "requested": "latest.release"
        },
        "com.netflix.nebula:nebula-bintray-plugin": {
            "locked": "4.0.2",
            "requested": "latest.release"
        },
        "com.netflix.nebula:nebula-core": {
            "locked": "4.0.1",
            "requested": "latest.release"
        },
        "com.netflix.nebula:nebula-project-plugin": {
            "locked": "5.1.2",
            "requested": "latest.release"
        },
        "com.netflix.nebula:nebula-publishing-plugin": {
            "locked": "9.0.2",
            "requested": "latest.release"
        },
        "com.netflix.nebula:nebula-release-plugin": {
            "locked": "8.0.1",
            "requested": "latest.release"
        },
        "com.netflix.nebula:nebula-test": {
            "locked": "7.1.0",
            "requested": "7.+"
        },
        "gradle.plugin.nl.javadude.gradle.plugins:license-gradle-plugin": {
            "locked": "0.13.1",
            "requested": "0.13.1"
        },
        "org.ajoberstar.grgit:grgit-core": {
            "locked": "3.0.0-beta.1",
            "requested": "3.0.0-beta.1"
        }
    },
    "testRuntimeClasspath": {
        "com.netflix.nebula:gradle-contacts-plugin": {
            "locked": "4.0.2",
            "requested": "latest.release"
        },
        "com.netflix.nebula:gradle-dependency-lock-plugin": {
            "locked": "7.0.0",
            "requested": "latest.release"
        },
        "com.netflix.nebula:gradle-info-plugin": {
            "locked": "4.0.2",
            "requested": "latest.release"
        },
        "com.netflix.nebula:gradle-java-cross-compile-plugin": {
            "locked": "2.0.2",
            "requested": "latest.release"
        },
        "com.netflix.nebula:nebula-bintray-plugin": {
            "locked": "4.0.2",
            "requested": "latest.release"
        },
        "com.netflix.nebula:nebula-core": {
            "locked": "4.0.1",
            "requested": "latest.release"
        },
        "com.netflix.nebula:nebula-project-plugin": {
            "locked": "5.1.2",
            "requested": "latest.release"
        },
        "com.netflix.nebula:nebula-publishing-plugin": {
            "locked": "9.0.2",
            "requested": "latest.release"
        },
        "com.netflix.nebula:nebula-release-plugin": {
            "locked": "8.0.1",
            "requested": "latest.release"
        },
        "com.netflix.nebula:nebula-test": {
            "locked": "7.1.0",
            "requested": "7.+"
        },
        "gradle.plugin.nl.javadude.gradle.plugins:license-gradle-plugin": {
            "locked": "0.13.1",
            "requested": "0.13.1"
        },
        "org.ajoberstar.grgit:grgit-core": {
            "locked": "3.0.0-beta.1",
            "requested": "3.0.0-beta.1"
        }
    }
}