# This is a Gradle generated file for dependency locking.
# Manual edits can break the build and are not advised.
# This file is expected to be part of source control.
com.mycila.xmltool:xmltool:3.3
com.mycila:license-maven-plugin:3.0
com.mycila:mycila-xmltool:4.4.ga
com.netflix.nebula:gradle-contacts-plugin:5.1.0
com.netflix.nebula:gradle-dependency-lock-plugin:11.1.3
com.netflix.nebula:gradle-info-plugin:9.3.0
com.netflix.nebula:gradle-java-cross-compile-plugin:4.4.0
com.netflix.nebula:nebula-gradle-interop:1.0.10
com.netflix.nebula:nebula-oss-publishing-plugin:1.2.0
com.netflix.nebula:nebula-project-plugin:8.0.0
com.netflix.nebula:nebula-publishing-plugin:17.3.2
com.netflix.nebula:nebula-release-plugin:15.3.1
commons-logging:commons-logging:1.1.1
gradle.plugin.com.hierynomus.gradle.plugins:license-gradle-plugin:0.15.0
org.apache.commons:commons-pool2:2.2
org.apache.maven:maven-settings-builder:3.0.4
org.apache.maven:maven-settings:3.0.4
org.codehaus.plexus:plexus-component-annotations:1.5.5
org.codehaus.plexus:plexus-interpolation:1.14
org.codehaus.plexus:plexus-utils:2.0.6
org.jetbrains.kotlin:kotlin-reflect:1.4.20
org.jetbrains.kotlin:kotlin-stdlib-common:1.4.21
org.jetbrains.kotlin:kotlin-stdlib-jdk7:1.4.21
org.jetbrains.kotlin:kotlin-stdlib-jdk8:1.4.21
org.jetbrains.kotlin:kotlin-stdlib:1.4.21
org.jetbrains:annotations:13.0
org.sonatype.plexus:plexus-cipher:1.4
org.sonatype.plexus:plexus-sec-dispatcher:1.3
org.springframework:spring-asm:3.1.3.RELEASE
org.springframework:spring-core:3.1.3.RELEASE
